
Microsoft Visual Studio Solution File, Format Version 12.00
# Visual Studio 2013
VisualStudioVersion = 12.0.30723.0
MinimumVisualStudioVersion = 10.0.40219.1
Project("{FAE04EC0-301F-11D3-BF4B-00C04F79EFBC}") = "CP", "CP\CP.csproj", "{B81F377A-8150-42AC-9221-9DB12C3D06E2}"
EndProject
Project("{FAE04EC0-301F-11D3-BF4B-00C04F79EFBC}") = "CP.Data", "CP.Data\CP.Data.csproj", "{121CD402-8893-4A5C-BCED-82E06C05C7FA}"
EndProject
Global
	GlobalSection(SolutionConfigurationPlatforms) = preSolution
		Debug|Any CPU = Debug|Any CPU
		Release|Any CPU = Release|Any CPU
	EndGlobalSection
	GlobalSection(ProjectConfigurationPlatforms) = postSolution
		{B81F377A-8150-42AC-9221-9DB12C3D06E2}.Debug|Any CPU.ActiveCfg = Debug|Any CPU
		{B81F377A-8150-42AC-9221-9DB12C3D06E2}.Debug|Any CPU.Build.0 = Debug|Any CPU
		{B81F377A-8150-42AC-9221-9DB12C3D06E2}.Release|Any CPU.ActiveCfg = Release|Any CPU
		{B81F377A-8150-42AC-9221-9DB12C3D06E2}.Release|Any CPU.Build.0 = Release|Any CPU
		{121CD402-8893-4A5C-BCED-82E06C05C7FA}.Debug|Any CPU.ActiveCfg = Debug|Any CPU
		{121CD402-8893-4A5C-BCED-82E06C05C7FA}.Debug|Any CPU.Build.0 = Debug|Any CPU
		{121CD402-8893-4A5C-BCED-82E06C05C7FA}.Release|Any CPU.ActiveCfg = Release|Any CPU
		{121CD402-8893-4A5C-BCED-82E06C05C7FA}.Release|Any CPU.Build.0 = Release|Any CPU
	EndGlobalSection
	GlobalSection(SolutionProperties) = preSolution
		HideSolutionNode = FALSE
	EndGlobalSection
EndGlobal
